{
  "version": "5",
  "specifiers": {
    "jsr:@std/jsonc@*": "1.0.2"
  },
  "jsr": {
    "@std/jsonc@1.0.2": {
      "integrity": "909605dae3af22bd75b1cbda8d64a32cf1fd2cf6efa3f9e224aba6d22c0f44c7"
    }
  },
  "workspace": {
    "packageJson": {
      "dependencies": [
        "npm:@commitlint/cli@21",
        "npm:@commitlint/config-conventional@21",
        "npm:@commitlint/config-pnpm-scopes@21",
        "npm:@commitlint/types@21",
        "npm:concurrently@10",
        "npm:husky@^9.1.7",
        "npm:lint-staged@17",
        "npm:turbo@2",
        "npm:typescript@6.0.3"
      ]
    }
  }
}
