{
  "nodes": {
    "comment-checker": {
      "inputs": {
        "nixpkgs": [
          "nixpkgs"
        ],
        "rust-overlay": "rust-overlay"
      },
      "locked": {
        "lastModified": 1790884787,
        "narHash": "sha256-XZz0bdSY5zjlRDme0dfC98oYcAf3WOpMCueoU39iXjY=",
        "owner": "systemfsoftware",
        "repo": "comment-checker",
        "rev": "3bfedd853c1d6dca666e65e71e9f8a31d47db336",
        "type": "github"
      },
      "original": {
        "owner": "systemfsoftware",
        "repo": "comment-checker",
        "type": "github"
      }
    },
    "comment-checker_2": {
      "inputs": {
        "nixpkgs": [
          "pnpm-release-management",
          "nixpkgs"
        ],
        "rust-overlay": "rust-overlay_2"
      },
      "locked": {
        "lastModified": 1788142907,
        "narHash": "sha256-arhhsgBbDTOTtnG9gphKARLXkCj3emOZUm3sP0a0jnI=",
        "owner": "systemfsoftware",
        "repo": "comment-checker",
        "rev": "60e60bbedb2686c807a9ca64a31f7bba4e75b97b",
        "type": "github"
      },
      "original": {
        "owner": "systemfsoftware",
        "repo": "comment-checker",
        "type": "github"
      }
    },
    "nixpkgs": {
      "locked": {
        "lastModified": 1791191277,
        "narHash": "sha256-i8KuaINOYLvB2oQikGvtRmdZRxATRxsI9Yad2pp7dEA=",
        "owner": "NixOS",
        "repo": "nixpkgs",
        "rev": "aa48d347080940b8a2b8d2f48228674e280a3514",
        "type": "github"
      },
      "original": {
        "owner": "NixOS",
        "ref": "nixos-unstable",
        "repo": "nixpkgs",
        "type": "github"
      }
    },
    "pnpm-release-management": {
      "inputs": {
        "comment-checker": "comment-checker_2",
        "nixpkgs": [
          "nixpkgs"
        ]
      },
      "locked": {
        "lastModified": 1791237748,
        "narHash": "sha256-IWdNptNMXzjs2yG3DRQJKUkRcOmVvyDQ0x0dN2maEVU=",
        "owner": "systemfsoftware",
        "repo": "pnpm-release-management",
        "rev": "180122866dd537fa728b5563fb1820fbd2af88cc",
        "type": "github"
      },
      "original": {
        "owner": "systemfsoftware",
        "repo": "pnpm-release-management",
        "rev": "180122866dd537fa728b5563fb1820fbd2af88cc",
        "type": "github"
      }
    },
    "root": {
      "inputs": {
        "comment-checker": "comment-checker",
        "nixpkgs": "nixpkgs",
        "pnpm-release-management": "pnpm-release-management",
        "rust-overlay": "rust-overlay_3"
      }
    },
    "rust-overlay": {
      "inputs": {
        "nixpkgs": [
          "comment-checker",
          "nixpkgs"
        ]
      },
      "locked": {
        "lastModified": 1790756160,
        "narHash": "sha256-NPs4nNLxCpho3Ctj8O7t/bzmX0zR8r0zndKghAFEz5U=",
        "owner": "oxalica",
        "repo": "rust-overlay",
        "rev": "ed3a19fd0439ed618ec5fe1e12f0ba69a8be38b5",
        "type": "github"
      },
      "original": {
        "owner": "oxalica",
        "repo": "rust-overlay",
        "type": "github"
      }
    },
    "rust-overlay_2": {
      "inputs": {
        "nixpkgs": [
          "pnpm-release-management",
          "comment-checker",
          "nixpkgs"
        ]
      },
      "locked": {
        "lastModified": 1787367552,
        "narHash": "sha256-YT4Fs2k7bi+7YzuLt93EtIRgjpwHK5ZfsQEIh5dEQSk=",
        "owner": "oxalica",
        "repo": "rust-overlay",
        "rev": "fd2ebb9cc4323d0c5a1336138dab5c3c5a5d8bd9",
        "type": "github"
      },
      "original": {
        "owner": "oxalica",
        "repo": "rust-overlay",
        "type": "github"
      }
    },
    "rust-overlay_3": {
      "inputs": {
        "nixpkgs": [
          "nixpkgs"
        ]
      },
      "locked": {
        "lastModified": 1790928989,
        "narHash": "sha256-5r3MN/Rx7N9tLapCBmUq6/zCc3C9J7gNif1HybD1fJQ=",
        "owner": "oxalica",
        "repo": "rust-overlay",
        "rev": "368fee9beaab04ca6fe7af28db63caa9badb22fa",
        "type": "github"
      },
      "original": {
        "owner": "oxalica",
        "repo": "rust-overlay",
        "type": "github"
      }
    }
  },
  "root": "root",
  "version": 7
}
