{
  "version": "5",
  "specifiers": {
    "jsr:@std/assert@0.224": "0.224.0",
    "jsr:@std/async@1.5.0": "1.5.0",
    "jsr:@std/cli@1.0.32": "1.0.32",
    "jsr:@std/fmt@0.224": "0.224.0",
    "jsr:@std/fs@0.224": "0.224.0",
    "jsr:@std/io@0.224": "0.224.9",
    "jsr:@std/log@0.224.0": "0.224.0",
    "jsr:@std/yaml@^1.2.0": "1.2.0",
    "npm:@toon-format/toon@^4.1.1": "4.1.1",
    "npm:arktype@2.2.3": "2.2.3"
  },
  "jsr": {
    "@std/assert@0.224.0": {
      "integrity": "8643233ec7aec38a940a8264a6e3eed9bfa44e7a71cc6b3c8874213ff401967f"
    },
    "@std/async@1.5.0": {
      "integrity": "4c1f22d287a17ad7d8643b1952bc5a4d21e5d8b68dc8c20d8268eecc69096e82"
    },
    "@std/cli@1.0.32": {
      "integrity": "188b3a100d6202d64e3f5bd3d799c7fa4f6d77f92cc65eb7f641c1fa0aa92a66"
    },
    "@std/fmt@0.224.0": {
      "integrity": "e20e9a2312a8b5393272c26191c0a68eda8d2c4b08b046bad1673148f1d69851"
    },
    "@std/fs@0.224.0": {
      "integrity": "52a5ec89731ac0ca8f971079339286f88c571a4d61686acf75833f03a89d8e69"
    },
    "@std/io@0.224.9": {
      "integrity": "4414664b6926f665102e73c969cfda06d2c4c59bd5d0c603fd4f1b1c840d6ee3"
    },
    "@std/log@0.224.0": {
      "integrity": "24c8a38f3f322e3d33c3137d5562acad25830c01bd5838ade6c5a62118882deb",
      "dependencies": [
        "jsr:@std/assert",
        "jsr:@std/fmt",
        "jsr:@std/fs",
        "jsr:@std/io"
      ]
    },
    "@std/yaml@1.2.0": {
      "integrity": "20beb41e4983ba3437dbefac62b14061ab058e8a187596f19d28ff9035f6e6cf"
    }
  },
  "npm": {
    "@ark/schema@0.56.2": {
      "integrity": "sha512-Qx4D2JFbBWpntiHZaTv7bGG4H/M2rigiknezKg/WVyDSaLdE4YCcWAOoFB7pjjDqHbbV2OqRfntm1nnXvwMexg==",
      "dependencies": [
        "@ark/util"
      ]
    },
    "@ark/util@0.56.2": {
      "integrity": "sha512-9kU2sUE38FZEGG7l3hamYMBieLYEJh2L1mrYD2eXpT+78EnQSV1bhjxJhnxGBMSTbtwpBSDNSK+K60WvaI/DTQ=="
    },
    "@toon-format/toon@4.1.1": {
      "integrity": "sha512-SGCkS7IjVpwRmGPgnY8ENKpAf0EdAnZDOQkvFW0d2cgOpdn9FEFl7sTgryESyypXrWr0YajHGpwsAUX4zw9ZvA=="
    },
    "arkregex@0.0.8": {
      "integrity": "sha512-PJcx6G1kQTgLKPUbeYlYecDRaKq15AMSGVajlKFYWlPeJRQL+j3dKE6tyMs40HZ99djS1l9Vhl3ezAHy9JBIqQ==",
      "dependencies": [
        "@ark/util"
      ]
    },
    "arktype@2.2.3": {
      "integrity": "sha512-7W+0RLTUNJiBFIIZXwOQxSR8Z273IAd6IvqBeG9+gHnQKFsIx2C0iOtGTmMrPnlX4qLXyc5+ll7A0BIj9WrbTg==",
      "dependencies": [
        "@ark/schema",
        "@ark/util",
        "arkregex"
      ]
    }
  },
  "workspace": {
    "dependencies": [
      "jsr:@std/async@1.5.0",
      "jsr:@std/cli@1.0.32",
      "jsr:@std/log@0.224.0",
      "jsr:@std/yaml@^1.2.0",
      "npm:@toon-format/toon@^4.1.1",
      "npm:arktype@2.2.3"
    ]
  }
}
