{
  "version": "5",
  "specifiers": {
    "jsr:@std/cli@1.0.32": "1.0.32",
    "jsr:@std/yaml@^1.2.0": "1.2.0",
    "npm:@toon-format/toon@^4.1.1": "4.1.1"
  },
  "jsr": {
    "@std/cli@1.0.32": {
      "integrity": "188b3a100d6202d64e3f5bd3d799c7fa4f6d77f92cc65eb7f641c1fa0aa92a66"
    },
    "@std/yaml@1.2.0": {
      "integrity": "20beb41e4983ba3437dbefac62b14061ab058e8a187596f19d28ff9035f6e6cf"
    }
  },
  "npm": {
    "@toon-format/toon@4.1.1": {
      "integrity": "sha512-SGCkS7IjVpwRmGPgnY8ENKpAf0EdAnZDOQkvFW0d2cgOpdn9FEFl7sTgryESyypXrWr0YajHGpwsAUX4zw9ZvA=="
    }
  },
  "workspace": {
    "dependencies": [
      "jsr:@std/cli@1.0.32",
      "jsr:@std/yaml@^1.2.0",
      "npm:@toon-format/toon@^4.1.1"
    ]
  }
}
