# This file is generated by actionspack. Do not edit it manually.

lockfileVersion: 1
entries:
  .github/workflows/src/autofix.yml:
    output: .github/workflows/autofix.yml
    dependencies:
      - package: github:sxzz/workflows/.github/workflows/autofix.yml
        requested: main
        foundAt: .github/workflows/src/autofix.yml#jobs.autofix.uses
  .github/workflows/src/deploy.yml:
    output: .github/workflows/deploy.yml
    dependencies:
      - package: github:sxzz/workflows/setup-js
        requested: main
        foundAt: .github/workflows/src/deploy.yml#jobs.deploy-void.steps[0].uses
  .github/workflows/src/release-commit.yml:
    output: .github/workflows/release-commit.yml
    dependencies:
      - package: github:sxzz/workflows/.github/workflows/release-commit.yml
        requested: main
        foundAt: .github/workflows/src/release-commit.yml#jobs.release.uses
  .github/workflows/src/release.yml:
    output: .github/workflows/release.yml
    dependencies:
      - package: github:sxzz/workflows/.github/workflows/release.yml
        requested: main
        foundAt: .github/workflows/src/release.yml#jobs.release.uses
  .github/workflows/src/unit-test.yml:
    output: .github/workflows/unit-test.yml
    dependencies:
      - package: github:sxzz/workflows/.github/workflows/unit-test.yml
        requested: main
        foundAt: .github/workflows/src/unit-test.yml#jobs.unit-test.uses
packages:
  github:actions/checkout:
    source: github
    owner: actions
    repo: checkout
    path: .
    type: external-action
    external: true
    contentDigest: sha256:d59219cb79590abdb877deaa14e3b65a00c05318bf5a6f3b989b9162b5d08c35
    dependencies: []
    requested: 3d3c42e5aac5ba805825da76410c181273ba90b1
    resolved: 3d3c42e5aac5ba805825da76410c181273ba90b1
  github:actions/setup-node:
    source: github
    owner: actions
    repo: setup-node
    path: .
    type: external-action
    external: true
    contentDigest: sha256:5d765941ab5d8bef27f08e81b0b041cdb2df2050ea0261dc925d157a2bafbd2b
    dependencies: []
    requested: 820762786026740c76f36085b0efc47a31fe5020
    resolved: 820762786026740c76f36085b0efc47a31fe5020
  github:autofix-ci/action:
    source: github
    owner: autofix-ci
    repo: action
    path: .
    type: external-action
    external: true
    contentDigest: sha256:a9ebe499b43c1ca09ec1ffeeb705674235e32ae5d40444f8d136f0a6f2189e8b
    dependencies: []
    requested: c5b2d67aa2274e7b5a18224e8171550871fc7e4a
    resolved: c5b2d67aa2274e7b5a18224e8171550871fc7e4a
  github:pnpm/action-setup:
    source: github
    owner: pnpm
    repo: action-setup
    path: .
    type: external-action
    external: true
    contentDigest: sha256:7903b0a83562cd93df4d70181e610d9a4d6aedf76c83197208a6fdc13614d6f1
    dependencies: []
    requested: 0977fd99725f1db4007ccb2928dbb4e90d06cc86
    resolved: 0977fd99725f1db4007ccb2928dbb4e90d06cc86
  github:sxzz/workflows/.github/workflows/autofix.yml:
    source: github
    owner: sxzz
    repo: workflows
    path: .github/workflows/autofix.yml
    type: reusable-workflow
    contentDigest: sha256:d268cea9299f8e5cc5636a5273533f3538598be68554fa425e1a66798b4df00a
    dependencies:
      - package: github:sxzz/workflows/setup-js
        requested: main
        foundAt: sxzz/workflows/.github/workflows/autofix.yml#jobs.autofix.steps[0].uses
      - package: github:autofix-ci/action
        requested: c5b2d67aa2274e7b5a18224e8171550871fc7e4a
        foundAt: sxzz/workflows/.github/workflows/autofix.yml#jobs.autofix.steps[2].uses
    requested: main
    resolved: ea00b206fd53ae8f6d75c72fb1f67b8673ab8959
  github:sxzz/workflows/.github/workflows/release-commit.yml:
    source: github
    owner: sxzz
    repo: workflows
    path: .github/workflows/release-commit.yml
    type: reusable-workflow
    contentDigest: sha256:06630f463980c0f109857593e1205d302aaca93766e6337790c7f319976b9da5
    dependencies:
      - package: github:sxzz/workflows/setup-js
        requested: main
        foundAt: sxzz/workflows/.github/workflows/release-commit.yml#jobs.release.steps[0].uses
    requested: main
    resolved: ea00b206fd53ae8f6d75c72fb1f67b8673ab8959
  github:sxzz/workflows/.github/workflows/release.yml:
    source: github
    owner: sxzz
    repo: workflows
    path: .github/workflows/release.yml
    type: reusable-workflow
    contentDigest: sha256:d9f3f6aed20404bc6299078667fbc05960ef0d825debea678c98ade002521de5
    dependencies:
      - package: github:sxzz/workflows/setup-js
        requested: main
        foundAt: sxzz/workflows/.github/workflows/release.yml#jobs.release.steps[0].uses
    requested: main
    resolved: ea00b206fd53ae8f6d75c72fb1f67b8673ab8959
  github:sxzz/workflows/.github/workflows/unit-test.yml:
    source: github
    owner: sxzz
    repo: workflows
    path: .github/workflows/unit-test.yml
    type: reusable-workflow
    contentDigest: sha256:0cff202ed73f1bd09e8e8727ec40aed870f0159d3d9e9e7e910bf89c369c8d3c
    dependencies:
      - package: github:sxzz/workflows/setup-js
        requested: main
        foundAt: sxzz/workflows/.github/workflows/unit-test.yml#jobs.lint.steps[0].uses
    requested: main
    resolved: ea00b206fd53ae8f6d75c72fb1f67b8673ab8959
  github:sxzz/workflows/setup-js:
    source: github
    owner: sxzz
    repo: workflows
    path: setup-js
    type: composite
    contentDigest: sha256:28ad5afa382d589bf87eda9ae710501365f4161f54fd8d1615549955061eaa2c
    dependencies:
      - package: github:actions/checkout
        requested: 3d3c42e5aac5ba805825da76410c181273ba90b1
        foundAt: sxzz/workflows/setup-js#runs.steps[0].uses
      - package: github:pnpm/action-setup
        requested: 0977fd99725f1db4007ccb2928dbb4e90d06cc86
        foundAt: sxzz/workflows/setup-js#runs.steps[1].uses
      - package: github:actions/setup-node
        requested: 820762786026740c76f36085b0efc47a31fe5020
        foundAt: sxzz/workflows/setup-js#runs.steps[2].uses
    requested: main
    resolved: ea00b206fd53ae8f6d75c72fb1f67b8673ab8959
